{
  "nodes": {
    "nixpkgs": {
      "locked": {
        "narHash": "sha256-HHZTzHgLuoOmTrHckl9eGG8UWTp32pYXmCoOjgQYIB4=",
        "type": "tarball",
        "url": "https://github.com/NixOS/nixpkgs/archive/860b56be91fb874d48e23a950815969a7b832fbc.tar.gz"
      },
      "original": {
        "type": "tarball",
        "url": "https://github.com/NixOS/nixpkgs/archive/860b56be91fb874d48e23a950815969a7b832fbc.tar.gz"
      }
    },
    "root": {
      "inputs": {
        "nixpkgs": "nixpkgs"
      }
    }
  },
  "root": "root",
  "version": 7
}
